
Microsoft Visual Studio Solution File, Format Version 12.00
# Visual Studio Version 16
VisualStudioVersion = 16.0.32929.386
MinimumVisualStudioVersion = 10.0.40219.1
Project("{FAE04EC0-301F-11D3-BF4B-00C04F79EFBC}") = "fainalllly", "fainalllly.csproj", "{F018B7B5-C18D-43C1-84B6-9AA5175866EA}"
EndProject
Global
	GlobalSection(SolutionConfigurationPlatforms) = preSolution
		Debug|Any CPU = Debug|Any CPU
		Release|Any CPU = Release|Any CPU
	EndGlobalSection
	GlobalSection(ProjectConfigurationPlatforms) = postSolution
		{F018B7B5-C18D-43C1-84B6-9AA5175866EA}.Debug|Any CPU.ActiveCfg = Debug|Any CPU
		{F018B7B5-C18D-43C1-84B6-9AA5175866EA}.Debug|Any CPU.Build.0 = Debug|Any CPU
		{F018B7B5-C18D-43C1-84B6-9AA5175866EA}.Release|Any CPU.ActiveCfg = Release|Any CPU
		{F018B7B5-C18D-43C1-84B6-9AA5175866EA}.Release|Any CPU.Build.0 = Release|Any CPU
	EndGlobalSection
	GlobalSection(SolutionProperties) = preSolution
		HideSolutionNode = FALSE
	EndGlobalSection
	GlobalSection(ExtensibilityGlobals) = postSolution
		SolutionGuid = {158C2FCD-99C4-44CF-82CD-130933BF27C4}
	EndGlobalSection
EndGlobal
